// !$*UTF8*$!
{
	archiveVersion = 1;
	classes = {
	};
	objectVersion = 47;
	objects = {

/* Begin PBXBuildFile section */
		2737C19B202DD95D00E6B321 /* ClosureHeaderConfiguratorExtensionsTests.swift in Sources */ = {isa = PBXBuildFile; fileRef = 2737C19A202DD95D00E6B321 /* ClosureHeaderConfiguratorExtensionsTests.swift */; };
		2737C19D202DDAED00E6B321 /* UITableViewHeaderFooterViewSpy.swift in Sources */ = {isa = PBXBuildFile; fileRef = 2737C19C202DDAED00E6B321 /* UITableViewHeaderFooterViewSpy.swift */; };
		276C97B0202C97C700552367 /* RegisterableClassType.swift in Sources */ = {isa = PBXBuildFile; fileRef = 276C97AF202C97C700552367 /* RegisterableClassType.swift */; };
		276C97B3202C981E00552367 /* SectionDisplayDataExtensions.swift in Sources */ = {isa = PBXBuildFile; fileRef = 276C97B2202C981E00552367 /* SectionDisplayDataExtensions.swift */; };
		276C97B5202C983100552367 /* TableViewModelExtensions.swift in Sources */ = {isa = PBXBuildFile; fileRef = 276C97B4202C983100552367 /* TableViewModelExtensions.swift */; };
		276C97B7202C984900552367 /* TableViewRegisterableExtensions.swift in Sources */ = {isa = PBXBuildFile; fileRef = 276C97B6202C984900552367 /* TableViewRegisterableExtensions.swift */; };
		276C97BC202C998900552367 /* FakeHeaderDisplayData.swift in Sources */ = {isa = PBXBuildFile; fileRef = 276C97BB202C998900552367 /* FakeHeaderDisplayData.swift */; };
		276C97BE202C999900552367 /* FakeCellDisplayData.swift in Sources */ = {isa = PBXBuildFile; fileRef = 276C97BD202C999900552367 /* FakeCellDisplayData.swift */; };
		276C97C0202C99AF00552367 /* SectionDisplayDataStub.swift in Sources */ = {isa = PBXBuildFile; fileRef = 276C97BF202C99AF00552367 /* SectionDisplayDataStub.swift */; };
		276C97C2202C99C400552367 /* TableViewModelStub.swift in Sources */ = {isa = PBXBuildFile; fileRef = 276C97C1202C99C400552367 /* TableViewModelStub.swift */; };
		276C97C4202C99D400552367 /* CellConfiguratorFactoryMock.swift in Sources */ = {isa = PBXBuildFile; fileRef = 276C97C3202C99D400552367 /* CellConfiguratorFactoryMock.swift */; };
		276C97C6202C99E800552367 /* HeaderConfiguratorFactoryMock.swift in Sources */ = {isa = PBXBuildFile; fileRef = 276C97C5202C99E800552367 /* HeaderConfiguratorFactoryMock.swift */; };
		276C97C8202C9A6F00552367 /* CellEventsHandlerSpy.swift in Sources */ = {isa = PBXBuildFile; fileRef = 276C97C7202C9A6F00552367 /* CellEventsHandlerSpy.swift */; };
		276C97CA202C9A8100552367 /* TableViewDataSourceSpy.swift in Sources */ = {isa = PBXBuildFile; fileRef = 276C97C9202C9A8100552367 /* TableViewDataSourceSpy.swift */; };
		276C97CC202C9A9D00552367 /* RowOperationType.swift in Sources */ = {isa = PBXBuildFile; fileRef = 276C97CB202C9A9D00552367 /* RowOperationType.swift */; };
		276C97D0202C9C7C00552367 /* ClosureCellConfiguratorExtensionsTests.swift in Sources */ = {isa = PBXBuildFile; fileRef = 276C97CF202C9C7C00552367 /* ClosureCellConfiguratorExtensionsTests.swift */; };
		27C7B8FB202DDC0800D80B84 /* AnyHeaderConfiguratorFactoryTests.swift in Sources */ = {isa = PBXBuildFile; fileRef = 27C7B8FA202DDC0800D80B84 /* AnyHeaderConfiguratorFactoryTests.swift */; };
		27C7B8FD202DDC3800D80B84 /* HeaderConfiguratorFactorySpy.swift in Sources */ = {isa = PBXBuildFile; fileRef = 27C7B8FC202DDC3800D80B84 /* HeaderConfiguratorFactorySpy.swift */; };
		27C7B8FF202DDF4800D80B84 /* AnyHeaderDisplayDataUpdatableTests.swift in Sources */ = {isa = PBXBuildFile; fileRef = 27C7B8FE202DDF4800D80B84 /* AnyHeaderDisplayDataUpdatableTests.swift */; };
		27C7B901202DE04F00D80B84 /* HeaderDisplayDataUpdatableSpy.swift in Sources */ = {isa = PBXBuildFile; fileRef = 27C7B900202DE04F00D80B84 /* HeaderDisplayDataUpdatableSpy.swift */; };
		27C7B905202DF58E00D80B84 /* CellConfiguratorSelectorTests.swift in Sources */ = {isa = PBXBuildFile; fileRef = 27C7B904202DF58E00D80B84 /* CellConfiguratorSelectorTests.swift */; };
		52D6D9871BEFF229002C0205 /* TableViewControllerBuilder.framework in Frameworks */ = {isa = PBXBuildFile; fileRef = 52D6D97C1BEFF229002C0205 /* TableViewControllerBuilder.framework */; };
		8933C7901EB5B82D000D00A4 /* TableViewControllerBuilderTests.swift in Sources */ = {isa = PBXBuildFile; fileRef = 8933C7891EB5B82A000D00A4 /* TableViewControllerBuilderTests.swift */; };
		A15C34C71FB0F5EB0036C507 /* AnyCellConfiguratorFactory.swift in Sources */ = {isa = PBXBuildFile; fileRef = A15C349E1FB0F5EB0036C507 /* AnyCellConfiguratorFactory.swift */; };
		A15C34C81FB0F5EB0036C507 /* AnyCellDisplayDataUpdatable.swift in Sources */ = {isa = PBXBuildFile; fileRef = A15C349F1FB0F5EB0036C507 /* AnyCellDisplayDataUpdatable.swift */; };
		A15C34C91FB0F5EB0036C507 /* AnyCellEventsDelegate.swift in Sources */ = {isa = PBXBuildFile; fileRef = A15C34A01FB0F5EB0036C507 /* AnyCellEventsDelegate.swift */; };
		A15C34CA1FB0F5EB0036C507 /* AnyClosureCellConfigurator.swift in Sources */ = {isa = PBXBuildFile; fileRef = A15C34A11FB0F5EB0036C507 /* AnyClosureCellConfigurator.swift */; };
		A15C34CB1FB0F5EB0036C507 /* CellConfiguratorSelector.swift in Sources */ = {isa = PBXBuildFile; fileRef = A15C34A21FB0F5EB0036C507 /* CellConfiguratorSelector.swift */; };
		A15C34CC1FB0F5EB0036C507 /* ClosureCellConfigurator.swift in Sources */ = {isa = PBXBuildFile; fileRef = A15C34A31FB0F5EB0036C507 /* ClosureCellConfigurator.swift */; };
		A15C34CD1FB0F5EB0036C507 /* ClosureCellConfiguratorExtensions.swift in Sources */ = {isa = PBXBuildFile; fileRef = A15C34A41FB0F5EB0036C507 /* ClosureCellConfiguratorExtensions.swift */; };
		A15C34CE1FB0F5EB0036C507 /* AnyClosureHeaderConfigurator.swift in Sources */ = {isa = PBXBuildFile; fileRef = A15C34A61FB0F5EB0036C507 /* AnyClosureHeaderConfigurator.swift */; };
		A15C34CF1FB0F5EB0036C507 /* AnyHeaderConfiguratorFactory.swift in Sources */ = {isa = PBXBuildFile; fileRef = A15C34A71FB0F5EB0036C507 /* AnyHeaderConfiguratorFactory.swift */; };
		A15C34D01FB0F5EB0036C507 /* AnyHeaderDisplayDataUpdatable.swift in Sources */ = {isa = PBXBuildFile; fileRef = A15C34A81FB0F5EB0036C507 /* AnyHeaderDisplayDataUpdatable.swift */; };
		A15C34D11FB0F5EB0036C507 /* ClosureHeaderConfigurator.swift in Sources */ = {isa = PBXBuildFile; fileRef = A15C34A91FB0F5EB0036C507 /* ClosureHeaderConfigurator.swift */; };
		A15C34D21FB0F5EB0036C507 /* ClosureHeaderConfiguratorExtensions.swift in Sources */ = {isa = PBXBuildFile; fileRef = A15C34AA1FB0F5EB0036C507 /* ClosureHeaderConfiguratorExtensions.swift */; };
		A15C34D31FB0F5EB0036C507 /* HeaderViewConfiguratorSelector.swift in Sources */ = {isa = PBXBuildFile; fileRef = A15C34AB1FB0F5EB0036C507 /* HeaderViewConfiguratorSelector.swift */; };
		A15C34D41FB0F5EB0036C507 /* TableViewControllerBuilder.swift in Sources */ = {isa = PBXBuildFile; fileRef = A15C34AC1FB0F5EB0036C507 /* TableViewControllerBuilder.swift */; };
		A15C34D51FB0F5EB0036C507 /* TableViewOperationsManager.swift in Sources */ = {isa = PBXBuildFile; fileRef = A15C34AD1FB0F5EB0036C507 /* TableViewOperationsManager.swift */; };
		A15C34D61FB0F5EB0036C507 /* AnyCellTableViewDataSource.swift in Sources */ = {isa = PBXBuildFile; fileRef = A15C34AF1FB0F5EB0036C507 /* AnyCellTableViewDataSource.swift */; };
		A15C34D71FB0F5EB0036C507 /* AnyHeaderCellTableViewCellDelegate.swift in Sources */ = {isa = PBXBuildFile; fileRef = A15C34B01FB0F5EB0036C507 /* AnyHeaderCellTableViewCellDelegate.swift */; };
		A15C34D81FB0F5EB0036C507 /* AnyHeadersAndCellsTableViewController.swift in Sources */ = {isa = PBXBuildFile; fileRef = A15C34B11FB0F5EB0036C507 /* AnyHeadersAndCellsTableViewController.swift */; };
		A15C34D91FB0F5EB0036C507 /* AnySectionDisplayData.swift in Sources */ = {isa = PBXBuildFile; fileRef = A15C34B21FB0F5EB0036C507 /* AnySectionDisplayData.swift */; };
		A15C34DA1FB0F5EB0036C507 /* AnyTableViewModel.swift in Sources */ = {isa = PBXBuildFile; fileRef = A15C34B31FB0F5EB0036C507 /* AnyTableViewModel.swift */; };
		A15C34DB1FB0F5EB0036C507 /* AnyTableViewModelDelegate.swift in Sources */ = {isa = PBXBuildFile; fileRef = A15C34B41FB0F5EB0036C507 /* AnyTableViewModelDelegate.swift */; };
		A15C34DD1FB0F5EB0036C507 /* CellDisplayDataUpdatable.swift in Sources */ = {isa = PBXBuildFile; fileRef = A15C34B71FB0F5EB0036C507 /* CellDisplayDataUpdatable.swift */; };
		A15C34DE1FB0F5EB0036C507 /* CellConfigurator.swift in Sources */ = {isa = PBXBuildFile; fileRef = A15C34B91FB0F5EB0036C507 /* CellConfigurator.swift */; };
		A15C34DF1FB0F5EB0036C507 /* CellConfiguratorFactory.swift in Sources */ = {isa = PBXBuildFile; fileRef = A15C34BA1FB0F5EB0036C507 /* CellConfiguratorFactory.swift */; };
		A15C34E01FB0F5EB0036C507 /* CellEventsDelegate.swift in Sources */ = {isa = PBXBuildFile; fileRef = A15C34BB1FB0F5EB0036C507 /* CellEventsDelegate.swift */; };
		A15C34E11FB0F5EB0036C507 /* TableViewCellReconfigurator.swift in Sources */ = {isa = PBXBuildFile; fileRef = A15C34BC1FB0F5EB0036C507 /* TableViewCellReconfigurator.swift */; };
		A15C34E21FB0F5EB0036C507 /* HeaderConfigurator.swift in Sources */ = {isa = PBXBuildFile; fileRef = A15C34BE1FB0F5EB0036C507 /* HeaderConfigurator.swift */; };
		A15C34E31FB0F5EB0036C507 /* HeaderConfiguratorFactory.swift in Sources */ = {isa = PBXBuildFile; fileRef = A15C34BF1FB0F5EB0036C507 /* HeaderConfiguratorFactory.swift */; };
		A15C34E41FB0F5EB0036C507 /* HeaderDisplayDataUpdatable.swift in Sources */ = {isa = PBXBuildFile; fileRef = A15C34C01FB0F5EB0036C507 /* HeaderDisplayDataUpdatable.swift */; };
		A15C34E51FB0F5EB0036C507 /* HeightFlexible.swift in Sources */ = {isa = PBXBuildFile; fileRef = A15C34C11FB0F5EB0036C507 /* HeightFlexible.swift */; };
		A15C34E61FB0F5EB0036C507 /* SectionDisplayData.swift in Sources */ = {isa = PBXBuildFile; fileRef = A15C34C21FB0F5EB0036C507 /* SectionDisplayData.swift */; };
		A15C34E81FB0F5EB0036C507 /* TableViewModel.swift in Sources */ = {isa = PBXBuildFile; fileRef = A15C34C41FB0F5EB0036C507 /* TableViewModel.swift */; };
		A15C34E91FB0F5EB0036C507 /* TableViewModelDelegate.swift in Sources */ = {isa = PBXBuildFile; fileRef = A15C34C51FB0F5EB0036C507 /* TableViewModelDelegate.swift */; };
		A15C34EA1FB0F5EB0036C507 /* TableViewRegisterable.swift in Sources */ = {isa = PBXBuildFile; fileRef = A15C34C61FB0F5EB0036C507 /* TableViewRegisterable.swift */; };
		A15C34EE1FB0F68F0036C507 /* TableViewModelDelegateTests.swift in Sources */ = {isa = PBXBuildFile; fileRef = A15C34EB1FB0F68F0036C507 /* TableViewModelDelegateTests.swift */; };
/* End PBXBuildFile section */

/* Begin PBXContainerItemProxy section */
		52D6D9881BEFF229002C0205 /* PBXContainerItemProxy */ = {
			isa = PBXContainerItemProxy;
			containerPortal = 52D6D9731BEFF229002C0205 /* Project object */;
			proxyType = 1;
			remoteGlobalIDString = 52D6D97B1BEFF229002C0205;
			remoteInfo = TableViewControllerBuilder;
		};
/* End PBXContainerItemProxy section */

/* Begin PBXFileReference section */
		2737C19A202DD95D00E6B321 /* ClosureHeaderConfiguratorExtensionsTests.swift */ = {isa = PBXFileReference; lastKnownFileType = sourcecode.swift; path = ClosureHeaderConfiguratorExtensionsTests.swift; sourceTree = "<group>"; };
		2737C19C202DDAED00E6B321 /* UITableViewHeaderFooterViewSpy.swift */ = {isa = PBXFileReference; lastKnownFileType = sourcecode.swift; path = UITableViewHeaderFooterViewSpy.swift; sourceTree = "<group>"; };
		276C97AF202C97C700552367 /* RegisterableClassType.swift */ = {isa = PBXFileReference; lastKnownFileType = sourcecode.swift; path = RegisterableClassType.swift; sourceTree = "<group>"; };
		276C97B2202C981E00552367 /* SectionDisplayDataExtensions.swift */ = {isa = PBXFileReference; lastKnownFileType = sourcecode.swift; path = SectionDisplayDataExtensions.swift; sourceTree = "<group>"; };
		276C97B4202C983100552367 /* TableViewModelExtensions.swift */ = {isa = PBXFileReference; lastKnownFileType = sourcecode.swift; path = TableViewModelExtensions.swift; sourceTree = "<group>"; };
		276C97B6202C984900552367 /* TableViewRegisterableExtensions.swift */ = {isa = PBXFileReference; lastKnownFileType = sourcecode.swift; path = TableViewRegisterableExtensions.swift; sourceTree = "<group>"; };
		276C97BB202C998900552367 /* FakeHeaderDisplayData.swift */ = {isa = PBXFileReference; lastKnownFileType = sourcecode.swift; path = FakeHeaderDisplayData.swift; sourceTree = "<group>"; };
		276C97BD202C999900552367 /* FakeCellDisplayData.swift */ = {isa = PBXFileReference; lastKnownFileType = sourcecode.swift; path = FakeCellDisplayData.swift; sourceTree = "<group>"; };
		276C97BF202C99AF00552367 /* SectionDisplayDataStub.swift */ = {isa = PBXFileReference; lastKnownFileType = sourcecode.swift; path = SectionDisplayDataStub.swift; sourceTree = "<group>"; };
		276C97C1202C99C400552367 /* TableViewModelStub.swift */ = {isa = PBXFileReference; lastKnownFileType = sourcecode.swift; path = TableViewModelStub.swift; sourceTree = "<group>"; };
		276C97C3202C99D400552367 /* CellConfiguratorFactoryMock.swift */ = {isa = PBXFileReference; lastKnownFileType = sourcecode.swift; path = CellConfiguratorFactoryMock.swift; sourceTree = "<group>"; };
		276C97C5202C99E800552367 /* HeaderConfiguratorFactoryMock.swift */ = {isa = PBXFileReference; lastKnownFileType = sourcecode.swift; path = HeaderConfiguratorFactoryMock.swift; sourceTree = "<group>"; };
		276C97C7202C9A6F00552367 /* CellEventsHandlerSpy.swift */ = {isa = PBXFileReference; lastKnownFileType = sourcecode.swift; path = CellEventsHandlerSpy.swift; sourceTree = "<group>"; };
		276C97C9202C9A8100552367 /* TableViewDataSourceSpy.swift */ = {isa = PBXFileReference; lastKnownFileType = sourcecode.swift; path = TableViewDataSourceSpy.swift; sourceTree = "<group>"; };
		276C97CB202C9A9D00552367 /* RowOperationType.swift */ = {isa = PBXFileReference; lastKnownFileType = sourcecode.swift; path = RowOperationType.swift; sourceTree = "<group>"; };
		276C97CF202C9C7C00552367 /* ClosureCellConfiguratorExtensionsTests.swift */ = {isa = PBXFileReference; lastKnownFileType = sourcecode.swift; path = ClosureCellConfiguratorExtensionsTests.swift; sourceTree = "<group>"; };
		27C7B8FA202DDC0800D80B84 /* AnyHeaderConfiguratorFactoryTests.swift */ = {isa = PBXFileReference; lastKnownFileType = sourcecode.swift; path = AnyHeaderConfiguratorFactoryTests.swift; sourceTree = "<group>"; };
		27C7B8FC202DDC3800D80B84 /* HeaderConfiguratorFactorySpy.swift */ = {isa = PBXFileReference; lastKnownFileType = sourcecode.swift; path = HeaderConfiguratorFactorySpy.swift; sourceTree = "<group>"; };
		27C7B8FE202DDF4800D80B84 /* AnyHeaderDisplayDataUpdatableTests.swift */ = {isa = PBXFileReference; lastKnownFileType = sourcecode.swift; path = AnyHeaderDisplayDataUpdatableTests.swift; sourceTree = "<group>"; };
		27C7B900202DE04F00D80B84 /* HeaderDisplayDataUpdatableSpy.swift */ = {isa = PBXFileReference; lastKnownFileType = sourcecode.swift; path = HeaderDisplayDataUpdatableSpy.swift; sourceTree = "<group>"; };
		27C7B904202DF58E00D80B84 /* CellConfiguratorSelectorTests.swift */ = {isa = PBXFileReference; lastKnownFileType = sourcecode.swift; path = CellConfiguratorSelectorTests.swift; sourceTree = "<group>"; };
		52D6D97C1BEFF229002C0205 /* TableViewControllerBuilder.framework */ = {isa = PBXFileReference; explicitFileType = wrapper.framework; includeInIndex = 0; path = TableViewControllerBuilder.framework; sourceTree = BUILT_PRODUCTS_DIR; };
		52D6D9861BEFF229002C0205 /* TableViewControllerBuilder-iOS Tests.xctest */ = {isa = PBXFileReference; explicitFileType = wrapper.cfbundle; includeInIndex = 0; path = "TableViewControllerBuilder-iOS Tests.xctest"; sourceTree = BUILT_PRODUCTS_DIR; };
		8933C7891EB5B82A000D00A4 /* TableViewControllerBuilderTests.swift */ = {isa = PBXFileReference; fileEncoding = 4; lastKnownFileType = sourcecode.swift; path = TableViewControllerBuilderTests.swift; sourceTree = "<group>"; };
		A15C349E1FB0F5EB0036C507 /* AnyCellConfiguratorFactory.swift */ = {isa = PBXFileReference; fileEncoding = 4; lastKnownFileType = sourcecode.swift; path = AnyCellConfiguratorFactory.swift; sourceTree = "<group>"; };
		A15C349F1FB0F5EB0036C507 /* AnyCellDisplayDataUpdatable.swift */ = {isa = PBXFileReference; fileEncoding = 4; lastKnownFileType = sourcecode.swift; path = AnyCellDisplayDataUpdatable.swift; sourceTree = "<group>"; };
		A15C34A01FB0F5EB0036C507 /* AnyCellEventsDelegate.swift */ = {isa = PBXFileReference; fileEncoding = 4; lastKnownFileType = sourcecode.swift; path = AnyCellEventsDelegate.swift; sourceTree = "<group>"; };
		A15C34A11FB0F5EB0036C507 /* AnyClosureCellConfigurator.swift */ = {isa = PBXFileReference; fileEncoding = 4; lastKnownFileType = sourcecode.swift; path = AnyClosureCellConfigurator.swift; sourceTree = "<group>"; };
		A15C34A21FB0F5EB0036C507 /* CellConfiguratorSelector.swift */ = {isa = PBXFileReference; fileEncoding = 4; lastKnownFileType = sourcecode.swift; path = CellConfiguratorSelector.swift; sourceTree = "<group>"; };
		A15C34A31FB0F5EB0036C507 /* ClosureCellConfigurator.swift */ = {isa = PBXFileReference; fileEncoding = 4; lastKnownFileType = sourcecode.swift; path = ClosureCellConfigurator.swift; sourceTree = "<group>"; };
		A15C34A41FB0F5EB0036C507 /* ClosureCellConfiguratorExtensions.swift */ = {isa = PBXFileReference; fileEncoding = 4; lastKnownFileType = sourcecode.swift; path = ClosureCellConfiguratorExtensions.swift; sourceTree = "<group>"; };
		A15C34A61FB0F5EB0036C507 /* AnyClosureHeaderConfigurator.swift */ = {isa = PBXFileReference; fileEncoding = 4; lastKnownFileType = sourcecode.swift; path = AnyClosureHeaderConfigurator.swift; sourceTree = "<group>"; };
		A15C34A71FB0F5EB0036C507 /* AnyHeaderConfiguratorFactory.swift */ = {isa = PBXFileReference; fileEncoding = 4; lastKnownFileType = sourcecode.swift; path = AnyHeaderConfiguratorFactory.swift; sourceTree = "<group>"; };
		A15C34A81FB0F5EB0036C507 /* AnyHeaderDisplayDataUpdatable.swift */ = {isa = PBXFileReference; fileEncoding = 4; lastKnownFileType = sourcecode.swift; path = AnyHeaderDisplayDataUpdatable.swift; sourceTree = "<group>"; };
		A15C34A91FB0F5EB0036C507 /* ClosureHeaderConfigurator.swift */ = {isa = PBXFileReference; fileEncoding = 4; lastKnownFileType = sourcecode.swift; path = ClosureHeaderConfigurator.swift; sourceTree = "<group>"; };
		A15C34AA1FB0F5EB0036C507 /* ClosureHeaderConfiguratorExtensions.swift */ = {isa = PBXFileReference; fileEncoding = 4; lastKnownFileType = sourcecode.swift; path = ClosureHeaderConfiguratorExtensions.swift; sourceTree = "<group>"; };
		A15C34AB1FB0F5EB0036C507 /* HeaderViewConfiguratorSelector.swift */ = {isa = PBXFileReference; fileEncoding = 4; lastKnownFileType = sourcecode.swift; path = HeaderViewConfiguratorSelector.swift; sourceTree = "<group>"; };
		A15C34AC1FB0F5EB0036C507 /* TableViewControllerBuilder.swift */ = {isa = PBXFileReference; fileEncoding = 4; lastKnownFileType = sourcecode.swift; path = TableViewControllerBuilder.swift; sourceTree = "<group>"; };
		A15C34AD1FB0F5EB0036C507 /* TableViewOperationsManager.swift */ = {isa = PBXFileReference; fileEncoding = 4; lastKnownFileType = sourcecode.swift; path = TableViewOperationsManager.swift; sourceTree = "<group>"; };
		A15C34AF1FB0F5EB0036C507 /* AnyCellTableViewDataSource.swift */ = {isa = PBXFileReference; fileEncoding = 4; lastKnownFileType = sourcecode.swift; path = AnyCellTableViewDataSource.swift; sourceTree = "<group>"; };
		A15C34B01FB0F5EB0036C507 /* AnyHeaderCellTableViewCellDelegate.swift */ = {isa = PBXFileReference; fileEncoding = 4; lastKnownFileType = sourcecode.swift; path = AnyHeaderCellTableViewCellDelegate.swift; sourceTree = "<group>"; };
		A15C34B11FB0F5EB0036C507 /* AnyHeadersAndCellsTableViewController.swift */ = {isa = PBXFileReference; fileEncoding = 4; lastKnownFileType = sourcecode.swift; path = AnyHeadersAndCellsTableViewController.swift; sourceTree = "<group>"; };
		A15C34B21FB0F5EB0036C507 /* AnySectionDisplayData.swift */ = {isa = PBXFileReference; fileEncoding = 4; lastKnownFileType = sourcecode.swift; path = AnySectionDisplayData.swift; sourceTree = "<group>"; };
		A15C34B31FB0F5EB0036C507 /* AnyTableViewModel.swift */ = {isa = PBXFileReference; fileEncoding = 4; lastKnownFileType = sourcecode.swift; path = AnyTableViewModel.swift; sourceTree = "<group>"; };
		A15C34B41FB0F5EB0036C507 /* AnyTableViewModelDelegate.swift */ = {isa = PBXFileReference; fileEncoding = 4; lastKnownFileType = sourcecode.swift; path = AnyTableViewModelDelegate.swift; sourceTree = "<group>"; };
		A15C34B71FB0F5EB0036C507 /* CellDisplayDataUpdatable.swift */ = {isa = PBXFileReference; fileEncoding = 4; lastKnownFileType = sourcecode.swift; path = CellDisplayDataUpdatable.swift; sourceTree = "<group>"; };
		A15C34B91FB0F5EB0036C507 /* CellConfigurator.swift */ = {isa = PBXFileReference; fileEncoding = 4; lastKnownFileType = sourcecode.swift; path = CellConfigurator.swift; sourceTree = "<group>"; };
		A15C34BA1FB0F5EB0036C507 /* CellConfiguratorFactory.swift */ = {isa = PBXFileReference; fileEncoding = 4; lastKnownFileType = sourcecode.swift; path = CellConfiguratorFactory.swift; sourceTree = "<group>"; };
		A15C34BB1FB0F5EB0036C507 /* CellEventsDelegate.swift */ = {isa = PBXFileReference; fileEncoding = 4; lastKnownFileType = sourcecode.swift; path = CellEventsDelegate.swift; sourceTree = "<group>"; };
		A15C34BC1FB0F5EB0036C507 /* TableViewCellReconfigurator.swift */ = {isa = PBXFileReference; fileEncoding = 4; lastKnownFileType = sourcecode.swift; path = TableViewCellReconfigurator.swift; sourceTree = "<group>"; };
		A15C34BE1FB0F5EB0036C507 /* HeaderConfigurator.swift */ = {isa = PBXFileReference; fileEncoding = 4; lastKnownFileType = sourcecode.swift; path = HeaderConfigurator.swift; sourceTree = "<group>"; };
		A15C34BF1FB0F5EB0036C507 /* HeaderConfiguratorFactory.swift */ = {isa = PBXFileReference; fileEncoding = 4; lastKnownFileType = sourcecode.swift; path = HeaderConfiguratorFactory.swift; sourceTree = "<group>"; };
		A15C34C01FB0F5EB0036C507 /* HeaderDisplayDataUpdatable.swift */ = {isa = PBXFileReference; fileEncoding = 4; lastKnownFileType = sourcecode.swift; path = HeaderDisplayDataUpdatable.swift; sourceTree = "<group>"; };
		A15C34C11FB0F5EB0036C507 /* HeightFlexible.swift */ = {isa = PBXFileReference; fileEncoding = 4; lastKnownFileType = sourcecode.swift; path = HeightFlexible.swift; sourceTree = "<group>"; };
		A15C34C21FB0F5EB0036C507 /* SectionDisplayData.swift */ = {isa = PBXFileReference; fileEncoding = 4; lastKnownFileType = sourcecode.swift; path = SectionDisplayData.swift; sourceTree = "<group>"; };
		A15C34C41FB0F5EB0036C507 /* TableViewModel.swift */ = {isa = PBXFileReference; fileEncoding = 4; lastKnownFileType = sourcecode.swift; path = TableViewModel.swift; sourceTree = "<group>"; };
		A15C34C51FB0F5EB0036C507 /* TableViewModelDelegate.swift */ = {isa = PBXFileReference; fileEncoding = 4; lastKnownFileType = sourcecode.swift; path = TableViewModelDelegate.swift; sourceTree = "<group>"; };
		A15C34C61FB0F5EB0036C507 /* TableViewRegisterable.swift */ = {isa = PBXFileReference; fileEncoding = 4; lastKnownFileType = sourcecode.swift; path = TableViewRegisterable.swift; sourceTree = "<group>"; };
		A15C34EB1FB0F68F0036C507 /* TableViewModelDelegateTests.swift */ = {isa = PBXFileReference; fileEncoding = 4; lastKnownFileType = sourcecode.swift; path = TableViewModelDelegateTests.swift; sourceTree = "<group>"; };
		AD2FAA261CD0B6D800659CF4 /* TableViewControllerBuilder.plist */ = {isa = PBXFileReference; fileEncoding = 4; lastKnownFileType = text.plist.xml; path = TableViewControllerBuilder.plist; sourceTree = "<group>"; };
		AD2FAA281CD0B6E100659CF4 /* TableViewControllerBuilderTests.plist */ = {isa = PBXFileReference; fileEncoding = 4; lastKnownFileType = text.plist.xml; path = TableViewControllerBuilderTests.plist; sourceTree = "<group>"; };
/* End PBXFileReference section */

/* Begin PBXFrameworksBuildPhase section */
		52D6D9781BEFF229002C0205 /* Frameworks */ = {
			isa = PBXFrameworksBuildPhase;
			buildActionMask = 2147483647;
			files = (
			);
			runOnlyForDeploymentPostprocessing = 0;
		};
		52D6D9831BEFF229002C0205 /* Frameworks */ = {
			isa = PBXFrameworksBuildPhase;
			buildActionMask = 2147483647;
			files = (
				52D6D9871BEFF229002C0205 /* TableViewControllerBuilder.framework in Frameworks */,
			);
			runOnlyForDeploymentPostprocessing = 0;
		};
/* End PBXFrameworksBuildPhase section */

/* Begin PBXGroup section */
		2737C198202DD89400E6B321 /* Headers */ = {
			isa = PBXGroup;
			children = (
				27C7B8FA202DDC0800D80B84 /* AnyHeaderConfiguratorFactoryTests.swift */,
				27C7B8FE202DDF4800D80B84 /* AnyHeaderDisplayDataUpdatableTests.swift */,
				27C7B904202DF58E00D80B84 /* CellConfiguratorSelectorTests.swift */,
			);
			name = Headers;
			path = "New Group";
			sourceTree = "<group>";
		};
		2737C199202DD8F200E6B321 /* Cells */ = {
			isa = PBXGroup;
			children = (
				A15C349E1FB0F5EB0036C507 /* AnyCellConfiguratorFactory.swift */,
				A15C349F1FB0F5EB0036C507 /* AnyCellDisplayDataUpdatable.swift */,
				A15C34A01FB0F5EB0036C507 /* AnyCellEventsDelegate.swift */,
				A15C34A11FB0F5EB0036C507 /* AnyClosureCellConfigurator.swift */,
				A15C34A21FB0F5EB0036C507 /* CellConfiguratorSelector.swift */,
				A15C34A31FB0F5EB0036C507 /* ClosureCellConfigurator.swift */,
			);
			path = Cells;
			sourceTree = "<group>";
		};
		276C97AC202C977700552367 /* Enums */ = {
			isa = PBXGroup;
			children = (
				276C97AF202C97C700552367 /* RegisterableClassType.swift */,
				276C97CB202C9A9D00552367 /* RowOperationType.swift */,
			);
			path = Enums;
			sourceTree = "<group>";
		};
		276C97B1202C980B00552367 /* Extensions */ = {
			isa = PBXGroup;
			children = (
				276C97B2202C981E00552367 /* SectionDisplayDataExtensions.swift */,
				276C97B4202C983100552367 /* TableViewModelExtensions.swift */,
				276C97B6202C984900552367 /* TableViewRegisterableExtensions.swift */,
			);
			path = Extensions;
			sourceTree = "<group>";
		};
		276C97B8202C989600552367 /* Extensions */ = {
			isa = PBXGroup;
			children = (
				A15C34A41FB0F5EB0036C507 /* ClosureCellConfiguratorExtensions.swift */,
				A15C34AA1FB0F5EB0036C507 /* ClosureHeaderConfiguratorExtensions.swift */,
			);
			path = Extensions;
			sourceTree = "<group>";
		};
		276C97BA202C998100552367 /* Doubles */ = {
			isa = PBXGroup;
			children = (
				276C97BB202C998900552367 /* FakeHeaderDisplayData.swift */,
				276C97BD202C999900552367 /* FakeCellDisplayData.swift */,
				276C97BF202C99AF00552367 /* SectionDisplayDataStub.swift */,
				276C97C1202C99C400552367 /* TableViewModelStub.swift */,
				276C97C3202C99D400552367 /* CellConfiguratorFactoryMock.swift */,
				276C97C5202C99E800552367 /* HeaderConfiguratorFactoryMock.swift */,
				276C97C7202C9A6F00552367 /* CellEventsHandlerSpy.swift */,
				276C97C9202C9A8100552367 /* TableViewDataSourceSpy.swift */,
				2737C19C202DDAED00E6B321 /* UITableViewHeaderFooterViewSpy.swift */,
				27C7B8FC202DDC3800D80B84 /* HeaderConfiguratorFactorySpy.swift */,
				27C7B900202DE04F00D80B84 /* HeaderDisplayDataUpdatableSpy.swift */,
			);
			path = Doubles;
			sourceTree = "<group>";
		};
		276C97CD202C9BAB00552367 /* Cells */ = {
			isa = PBXGroup;
			children = (
				276C97CE202C9BB400552367 /* Extensions */,
				2737C198202DD89400E6B321 /* Headers */,
			);
			path = Cells;
			sourceTree = "<group>";
		};
		276C97CE202C9BB400552367 /* Extensions */ = {
			isa = PBXGroup;
			children = (
				276C97CF202C9C7C00552367 /* ClosureCellConfiguratorExtensionsTests.swift */,
				2737C19A202DD95D00E6B321 /* ClosureHeaderConfiguratorExtensionsTests.swift */,
			);
			path = Extensions;
			sourceTree = "<group>";
		};
		52D6D9721BEFF229002C0205 = {
			isa = PBXGroup;
			children = (
				8933C7811EB5B7E0000D00A4 /* Sources */,
				8933C7831EB5B7EB000D00A4 /* Tests */,
				52D6D99C1BEFF38C002C0205 /* Configs */,
				52D6D97D1BEFF229002C0205 /* Products */,
			);
			sourceTree = "<group>";
		};
		52D6D97D1BEFF229002C0205 /* Products */ = {
			isa = PBXGroup;
			children = (
				52D6D97C1BEFF229002C0205 /* TableViewControllerBuilder.framework */,
				52D6D9861BEFF229002C0205 /* TableViewControllerBuilder-iOS Tests.xctest */,
			);
			name = Products;
			sourceTree = "<group>";
		};
		52D6D99C1BEFF38C002C0205 /* Configs */ = {
			isa = PBXGroup;
			children = (
				DD7502721C68FC1B006590AF /* Frameworks */,
				DD7502731C68FC20006590AF /* Tests */,
			);
			path = Configs;
			sourceTree = "<group>";
		};
		8933C7811EB5B7E0000D00A4 /* Sources */ = {
			isa = PBXGroup;
			children = (
				276C97AC202C977700552367 /* Enums */,
				A15C34B61FB0F5EB0036C507 /* Abstraction */,
				A15C349C1FB0F5EB0036C507 /* Concrete */,
			);
			path = Sources;
			sourceTree = "<group>";
		};
		8933C7831EB5B7EB000D00A4 /* Tests */ = {
			isa = PBXGroup;
			children = (
				276C97BA202C998100552367 /* Doubles */,
				276C97CD202C9BAB00552367 /* Cells */,
				8933C7891EB5B82A000D00A4 /* TableViewControllerBuilderTests.swift */,
				A15C34EB1FB0F68F0036C507 /* TableViewModelDelegateTests.swift */,
			);
			name = Tests;
			path = Tests/TableViewControllerBuilderTests;
			sourceTree = "<group>";
		};
		A15C349C1FB0F5EB0036C507 /* Concrete */ = {
			isa = PBXGroup;
			children = (
				A15C349D1FB0F5EB0036C507 /* Cells */,
				A15C34AE1FB0F5EB0036C507 /* TypeErasures */,
				A15C34AC1FB0F5EB0036C507 /* TableViewControllerBuilder.swift */,
				A15C34AD1FB0F5EB0036C507 /* TableViewOperationsManager.swift */,
			);
			path = Concrete;
			sourceTree = "<group>";
		};
		A15C349D1FB0F5EB0036C507 /* Cells */ = {
			isa = PBXGroup;
			children = (
				276C97B8202C989600552367 /* Extensions */,
				A15C34A51FB0F5EB0036C507 /* Headers */,
				2737C199202DD8F200E6B321 /* Cells */,
			);
			path = Cells;
			sourceTree = "<group>";
		};
		A15C34A51FB0F5EB0036C507 /* Headers */ = {
			isa = PBXGroup;
			children = (
				A15C34A61FB0F5EB0036C507 /* AnyClosureHeaderConfigurator.swift */,
				A15C34A71FB0F5EB0036C507 /* AnyHeaderConfiguratorFactory.swift */,
				A15C34A81FB0F5EB0036C507 /* AnyHeaderDisplayDataUpdatable.swift */,
				A15C34A91FB0F5EB0036C507 /* ClosureHeaderConfigurator.swift */,
				A15C34AB1FB0F5EB0036C507 /* HeaderViewConfiguratorSelector.swift */,
			);
			path = Headers;
			sourceTree = "<group>";
		};
		A15C34AE1FB0F5EB0036C507 /* TypeErasures */ = {
			isa = PBXGroup;
			children = (
				A15C34AF1FB0F5EB0036C507 /* AnyCellTableViewDataSource.swift */,
				A15C34B01FB0F5EB0036C507 /* AnyHeaderCellTableViewCellDelegate.swift */,
				A15C34B11FB0F5EB0036C507 /* AnyHeadersAndCellsTableViewController.swift */,
				A15C34B21FB0F5EB0036C507 /* AnySectionDisplayData.swift */,
				A15C34B31FB0F5EB0036C507 /* AnyTableViewModel.swift */,
				A15C34B41FB0F5EB0036C507 /* AnyTableViewModelDelegate.swift */,
			);
			path = TypeErasures;
			sourceTree = "<group>";
		};
		A15C34B61FB0F5EB0036C507 /* Abstraction */ = {
			isa = PBXGroup;
			children = (
				A15C34B81FB0F5EB0036C507 /* Cells */,
				A15C34BD1FB0F5EB0036C507 /* Headers */,
				276C97B1202C980B00552367 /* Extensions */,
				A15C34B71FB0F5EB0036C507 /* CellDisplayDataUpdatable.swift */,
				A15C34C11FB0F5EB0036C507 /* HeightFlexible.swift */,
				A15C34C21FB0F5EB0036C507 /* SectionDisplayData.swift */,
				A15C34C41FB0F5EB0036C507 /* TableViewModel.swift */,
				A15C34C51FB0F5EB0036C507 /* TableViewModelDelegate.swift */,
				A15C34C61FB0F5EB0036C507 /* TableViewRegisterable.swift */,
			);
			path = Abstraction;
			sourceTree = "<group>";
		};
		A15C34B81FB0F5EB0036C507 /* Cells */ = {
			isa = PBXGroup;
			children = (
				A15C34B91FB0F5EB0036C507 /* CellConfigurator.swift */,
				A15C34BA1FB0F5EB0036C507 /* CellConfiguratorFactory.swift */,
				A15C34BB1FB0F5EB0036C507 /* CellEventsDelegate.swift */,
				A15C34BC1FB0F5EB0036C507 /* TableViewCellReconfigurator.swift */,
			);
			path = Cells;
			sourceTree = "<group>";
		};
		A15C34BD1FB0F5EB0036C507 /* Headers */ = {
			isa = PBXGroup;
			children = (
				A15C34BE1FB0F5EB0036C507 /* HeaderConfigurator.swift */,
				A15C34BF1FB0F5EB0036C507 /* HeaderConfiguratorFactory.swift */,
				A15C34C01FB0F5EB0036C507 /* HeaderDisplayDataUpdatable.swift */,
			);
			path = Headers;
			sourceTree = "<group>";
		};
		DD7502721C68FC1B006590AF /* Frameworks */ = {
			isa = PBXGroup;
			children = (
				AD2FAA261CD0B6D800659CF4 /* TableViewControllerBuilder.plist */,
			);
			name = Frameworks;
			sourceTree = "<group>";
		};
		DD7502731C68FC20006590AF /* Tests */ = {
			isa = PBXGroup;
			children = (
				AD2FAA281CD0B6E100659CF4 /* TableViewControllerBuilderTests.plist */,
			);
			name = Tests;
			sourceTree = "<group>";
		};
/* End PBXGroup section */

/* Begin PBXHeadersBuildPhase section */
		52D6D9791BEFF229002C0205 /* Headers */ = {
			isa = PBXHeadersBuildPhase;
			buildActionMask = 2147483647;
			files = (
			);
			runOnlyForDeploymentPostprocessing = 0;
		};
/* End PBXHeadersBuildPhase section */

/* Begin PBXNativeTarget section */
		52D6D97B1BEFF229002C0205 /* TableViewControllerBuilder-iOS */ = {
			isa = PBXNativeTarget;
			buildConfigurationList = 52D6D9901BEFF229002C0205 /* Build configuration list for PBXNativeTarget "TableViewControllerBuilder-iOS" */;
			buildPhases = (
				52D6D9771BEFF229002C0205 /* Sources */,
				52D6D9781BEFF229002C0205 /* Frameworks */,
				52D6D9791BEFF229002C0205 /* Headers */,
				52D6D97A1BEFF229002C0205 /* Resources */,
			);
			buildRules = (
			);
			dependencies = (
			);
			name = "TableViewControllerBuilder-iOS";
			productName = TableViewControllerBuilder;
			productReference = 52D6D97C1BEFF229002C0205 /* TableViewControllerBuilder.framework */;
			productType = "com.apple.product-type.framework";
		};
		52D6D9851BEFF229002C0205 /* TableViewControllerBuilder-iOS Tests */ = {
			isa = PBXNativeTarget;
			buildConfigurationList = 52D6D9931BEFF229002C0205 /* Build configuration list for PBXNativeTarget "TableViewControllerBuilder-iOS Tests" */;
			buildPhases = (
				52D6D9821BEFF229002C0205 /* Sources */,
				52D6D9831BEFF229002C0205 /* Frameworks */,
				52D6D9841BEFF229002C0205 /* Resources */,
			);
			buildRules = (
			);
			dependencies = (
				52D6D9891BEFF229002C0205 /* PBXTargetDependency */,
			);
			name = "TableViewControllerBuilder-iOS Tests";
			productName = TableViewControllerBuilderTests;
			productReference = 52D6D9861BEFF229002C0205 /* TableViewControllerBuilder-iOS Tests.xctest */;
			productType = "com.apple.product-type.bundle.unit-test";
		};
/* End PBXNativeTarget section */

/* Begin PBXProject section */
		52D6D9731BEFF229002C0205 /* Project object */ = {
			isa = PBXProject;
			attributes = {
				LastSwiftUpdateCheck = 0720;
				LastUpgradeCheck = 0900;
				ORGANIZATIONNAME = Dolfn;
				TargetAttributes = {
					52D6D97B1BEFF229002C0205 = {
						CreatedOnToolsVersion = 7.1;
						LastSwiftMigration = 0800;
					};
					52D6D9851BEFF229002C0205 = {
						CreatedOnToolsVersion = 7.1;
						LastSwiftMigration = 0800;
					};
				};
			};
			buildConfigurationList = 52D6D9761BEFF229002C0205 /* Build configuration list for PBXProject "TableViewControllerBuilder" */;
			compatibilityVersion = "Xcode 6.3";
			developmentRegion = English;
			hasScannedForEncodings = 0;
			knownRegions = (
				en,
			);
			mainGroup = 52D6D9721BEFF229002C0205;
			productRefGroup = 52D6D97D1BEFF229002C0205 /* Products */;
			projectDirPath = "";
			projectRoot = "";
			targets = (
				52D6D97B1BEFF229002C0205 /* TableViewControllerBuilder-iOS */,
				52D6D9851BEFF229002C0205 /* TableViewControllerBuilder-iOS Tests */,
			);
		};
/* End PBXProject section */

/* Begin PBXResourcesBuildPhase section */
		52D6D97A1BEFF229002C0205 /* Resources */ = {
			isa = PBXResourcesBuildPhase;
			buildActionMask = 2147483647;
			files = (
			);
			runOnlyForDeploymentPostprocessing = 0;
		};
		52D6D9841BEFF229002C0205 /* Resources */ = {
			isa = PBXResourcesBuildPhase;
			buildActionMask = 2147483647;
			files = (
			);
			runOnlyForDeploymentPostprocessing = 0;
		};
/* End PBXResourcesBuildPhase section */

/* Begin PBXSourcesBuildPhase section */
		52D6D9771BEFF229002C0205 /* Sources */ = {
			isa = PBXSourcesBuildPhase;
			buildActionMask = 2147483647;
			files = (
				A15C34D61FB0F5EB0036C507 /* AnyCellTableViewDataSource.swift in Sources */,
				27C7B901202DE04F00D80B84 /* HeaderDisplayDataUpdatableSpy.swift in Sources */,
				A15C34DB1FB0F5EB0036C507 /* AnyTableViewModelDelegate.swift in Sources */,
				276C97C8202C9A6F00552367 /* CellEventsHandlerSpy.swift in Sources */,
				A15C34C71FB0F5EB0036C507 /* AnyCellConfiguratorFactory.swift in Sources */,
				A15C34CF1FB0F5EB0036C507 /* AnyHeaderConfiguratorFactory.swift in Sources */,
				A15C34D91FB0F5EB0036C507 /* AnySectionDisplayData.swift in Sources */,
				A15C34CB1FB0F5EB0036C507 /* CellConfiguratorSelector.swift in Sources */,
				A15C34CD1FB0F5EB0036C507 /* ClosureCellConfiguratorExtensions.swift in Sources */,
				276C97CC202C9A9D00552367 /* RowOperationType.swift in Sources */,
				276C97BC202C998900552367 /* FakeHeaderDisplayData.swift in Sources */,
				A15C34CE1FB0F5EB0036C507 /* AnyClosureHeaderConfigurator.swift in Sources */,
				276C97C0202C99AF00552367 /* SectionDisplayDataStub.swift in Sources */,
				A15C34D41FB0F5EB0036C507 /* TableViewControllerBuilder.swift in Sources */,
				276C97B5202C983100552367 /* TableViewModelExtensions.swift in Sources */,
				276C97BE202C999900552367 /* FakeCellDisplayData.swift in Sources */,
				A15C34E01FB0F5EB0036C507 /* CellEventsDelegate.swift in Sources */,
				276C97CA202C9A8100552367 /* TableViewDataSourceSpy.swift in Sources */,
				27C7B8FD202DDC3800D80B84 /* HeaderConfiguratorFactorySpy.swift in Sources */,
				276C97B0202C97C700552367 /* RegisterableClassType.swift in Sources */,
				A15C34D01FB0F5EB0036C507 /* AnyHeaderDisplayDataUpdatable.swift in Sources */,
				A15C34CC1FB0F5EB0036C507 /* ClosureCellConfigurator.swift in Sources */,
				A15C34D81FB0F5EB0036C507 /* AnyHeadersAndCellsTableViewController.swift in Sources */,
				A15C34DE1FB0F5EB0036C507 /* CellConfigurator.swift in Sources */,
				A15C34EA1FB0F5EB0036C507 /* TableViewRegisterable.swift in Sources */,
				A15C34D31FB0F5EB0036C507 /* HeaderViewConfiguratorSelector.swift in Sources */,
				A15C34E81FB0F5EB0036C507 /* TableViewModel.swift in Sources */,
				A15C34D21FB0F5EB0036C507 /* ClosureHeaderConfiguratorExtensions.swift in Sources */,
				A15C34DA1FB0F5EB0036C507 /* AnyTableViewModel.swift in Sources */,
				A15C34D51FB0F5EB0036C507 /* TableViewOperationsManager.swift in Sources */,
				A15C34D11FB0F5EB0036C507 /* ClosureHeaderConfigurator.swift in Sources */,
				276C97B3202C981E00552367 /* SectionDisplayDataExtensions.swift in Sources */,
				A15C34E21FB0F5EB0036C507 /* HeaderConfigurator.swift in Sources */,
				2737C19D202DDAED00E6B321 /* UITableViewHeaderFooterViewSpy.swift in Sources */,
				276C97C4202C99D400552367 /* CellConfiguratorFactoryMock.swift in Sources */,
				A15C34E11FB0F5EB0036C507 /* TableViewCellReconfigurator.swift in Sources */,
				A15C34E51FB0F5EB0036C507 /* HeightFlexible.swift in Sources */,
				A15C34C81FB0F5EB0036C507 /* AnyCellDisplayDataUpdatable.swift in Sources */,
				276C97C2202C99C400552367 /* TableViewModelStub.swift in Sources */,
				A15C34CA1FB0F5EB0036C507 /* AnyClosureCellConfigurator.swift in Sources */,
				A15C34E61FB0F5EB0036C507 /* SectionDisplayData.swift in Sources */,
				A15C34DF1FB0F5EB0036C507 /* CellConfiguratorFactory.swift in Sources */,
				276C97C6202C99E800552367 /* HeaderConfiguratorFactoryMock.swift in Sources */,
				A15C34C91FB0F5EB0036C507 /* AnyCellEventsDelegate.swift in Sources */,
				A15C34D71FB0F5EB0036C507 /* AnyHeaderCellTableViewCellDelegate.swift in Sources */,
				A15C34E31FB0F5EB0036C507 /* HeaderConfiguratorFactory.swift in Sources */,
				276C97B7202C984900552367 /* TableViewRegisterableExtensions.swift in Sources */,
				A15C34E91FB0F5EB0036C507 /* TableViewModelDelegate.swift in Sources */,
				A15C34E41FB0F5EB0036C507 /* HeaderDisplayDataUpdatable.swift in Sources */,
				A15C34DD1FB0F5EB0036C507 /* CellDisplayDataUpdatable.swift in Sources */,
			);
			runOnlyForDeploymentPostprocessing = 0;
		};
		52D6D9821BEFF229002C0205 /* Sources */ = {
			isa = PBXSourcesBuildPhase;
			buildActionMask = 2147483647;
			files = (
				A15C34EE1FB0F68F0036C507 /* TableViewModelDelegateTests.swift in Sources */,
				2737C19B202DD95D00E6B321 /* ClosureHeaderConfiguratorExtensionsTests.swift in Sources */,
				276C97D0202C9C7C00552367 /* ClosureCellConfiguratorExtensionsTests.swift in Sources */,
				27C7B905202DF58E00D80B84 /* CellConfiguratorSelectorTests.swift in Sources */,
				8933C7901EB5B82D000D00A4 /* TableViewControllerBuilderTests.swift in Sources */,
				27C7B8FB202DDC0800D80B84 /* AnyHeaderConfiguratorFactoryTests.swift in Sources */,
				27C7B8FF202DDF4800D80B84 /* AnyHeaderDisplayDataUpdatableTests.swift in Sources */,
			);
			runOnlyForDeploymentPostprocessing = 0;
		};
/* End PBXSourcesBuildPhase section */

/* Begin PBXTargetDependency section */
		52D6D9891BEFF229002C0205 /* PBXTargetDependency */ = {
			isa = PBXTargetDependency;
			target = 52D6D97B1BEFF229002C0205 /* TableViewControllerBuilder-iOS */;
			targetProxy = 52D6D9881BEFF229002C0205 /* PBXContainerItemProxy */;
		};
/* End PBXTargetDependency section */

/* Begin XCBuildConfiguration section */
		52D6D98E1BEFF229002C0205 /* Debug */ = {
			isa = XCBuildConfiguration;
			buildSettings = {
				ALWAYS_SEARCH_USER_PATHS = NO;
				CLANG_CXX_LANGUAGE_STANDARD = "gnu++0x";
				CLANG_CXX_LIBRARY = "libc++";
				CLANG_ENABLE_MODULES = YES;
				CLANG_ENABLE_OBJC_ARC = YES;
				CLANG_WARN_BLOCK_CAPTURE_AUTORELEASING = YES;
				CLANG_WARN_BOOL_CONVERSION = YES;
				CLANG_WARN_COMMA = YES;
				CLANG_WARN_CONSTANT_CONVERSION = YES;
				CLANG_WARN_DIRECT_OBJC_ISA_USAGE = YES_ERROR;
				CLANG_WARN_EMPTY_BODY = YES;
				CLANG_WARN_ENUM_CONVERSION = YES;
				CLANG_WARN_INFINITE_RECURSION = YES;
				CLANG_WARN_INT_CONVERSION = YES;
				CLANG_WARN_NON_LITERAL_NULL_CONVERSION = YES;
				CLANG_WARN_OBJC_LITERAL_CONVERSION = YES;
				CLANG_WARN_OBJC_ROOT_CLASS = YES_ERROR;
				CLANG_WARN_RANGE_LOOP_ANALYSIS = YES;
				CLANG_WARN_STRICT_PROTOTYPES = YES;
				CLANG_WARN_SUSPICIOUS_MOVE = YES;
				CLANG_WARN_UNREACHABLE_CODE = YES;
				CLANG_WARN__DUPLICATE_METHOD_MATCH = YES;
				"CODE_SIGN_IDENTITY[sdk=iphoneos*]" = "iPhone Developer";
				COPY_PHASE_STRIP = NO;
				CURRENT_PROJECT_VERSION = 1;
				DEBUG_INFORMATION_FORMAT = dwarf;
				ENABLE_STRICT_OBJC_MSGSEND = YES;
				ENABLE_TESTABILITY = YES;
				GCC_C_LANGUAGE_STANDARD = gnu99;
				GCC_DYNAMIC_NO_PIC = NO;
				GCC_NO_COMMON_BLOCKS = YES;
				GCC_OPTIMIZATION_LEVEL = 0;
				GCC_PREPROCESSOR_DEFINITIONS = (
					"DEBUG=1",
					"$(inherited)",
				);
				GCC_WARN_64_TO_32_BIT_CONVERSION = YES;
				GCC_WARN_ABOUT_RETURN_TYPE = YES_ERROR;
				GCC_WARN_UNDECLARED_SELECTOR = YES;
				GCC_WARN_UNINITIALIZED_AUTOS = YES_AGGRESSIVE;
				GCC_WARN_UNUSED_FUNCTION = YES;
				GCC_WARN_UNUSED_VARIABLE = YES;
				IPHONEOS_DEPLOYMENT_TARGET = 8.0;
				MTL_ENABLE_DEBUG_INFO = YES;
				ONLY_ACTIVE_ARCH = YES;
				SDKROOT = iphoneos;
				SWIFT_OPTIMIZATION_LEVEL = "-Onone";
				SWIFT_VERSION = 4.0;
				TARGETED_DEVICE_FAMILY = "1,2";
				VERSIONING_SYSTEM = "apple-generic";
				VERSION_INFO_PREFIX = "";
			};
			name = Debug;
		};
		52D6D98F1BEFF229002C0205 /* Release */ = {
			isa = XCBuildConfiguration;
			buildSettings = {
				ALWAYS_SEARCH_USER_PATHS = NO;
				CLANG_CXX_LANGUAGE_STANDARD = "gnu++0x";
				CLANG_CXX_LIBRARY = "libc++";
				CLANG_ENABLE_MODULES = YES;
				CLANG_ENABLE_OBJC_ARC = YES;
				CLANG_WARN_BLOCK_CAPTURE_AUTORELEASING = YES;
				CLANG_WARN_BOOL_CONVERSION = YES;
				CLANG_WARN_COMMA = YES;
				CLANG_WARN_CONSTANT_CONVERSION = YES;
				CLANG_WARN_DIRECT_OBJC_ISA_USAGE = YES_ERROR;
				CLANG_WARN_EMPTY_BODY = YES;
				CLANG_WARN_ENUM_CONVERSION = YES;
				CLANG_WARN_INFINITE_RECURSION = YES;
				CLANG_WARN_INT_CONVERSION = YES;
				CLANG_WARN_NON_LITERAL_NULL_CONVERSION = YES;
				CLANG_WARN_OBJC_LITERAL_CONVERSION = YES;
				CLANG_WARN_OBJC_ROOT_CLASS = YES_ERROR;
				CLANG_WARN_RANGE_LOOP_ANALYSIS = YES;
				CLANG_WARN_STRICT_PROTOTYPES = YES;
				CLANG_WARN_SUSPICIOUS_MOVE = YES;
				CLANG_WARN_UNREACHABLE_CODE = YES;
				CLANG_WARN__DUPLICATE_METHOD_MATCH = YES;
				"CODE_SIGN_IDENTITY[sdk=iphoneos*]" = "iPhone Developer";
				COPY_PHASE_STRIP = NO;
				CURRENT_PROJECT_VERSION = 1;
				DEBUG_INFORMATION_FORMAT = "dwarf-with-dsym";
				ENABLE_NS_ASSERTIONS = NO;
				ENABLE_STRICT_OBJC_MSGSEND = YES;
				GCC_C_LANGUAGE_STANDARD = gnu99;
				GCC_NO_COMMON_BLOCKS = YES;
				GCC_WARN_64_TO_32_BIT_CONVERSION = YES;
				GCC_WARN_ABOUT_RETURN_TYPE = YES_ERROR;
				GCC_WARN_UNDECLARED_SELECTOR = YES;
				GCC_WARN_UNINITIALIZED_AUTOS = YES_AGGRESSIVE;
				GCC_WARN_UNUSED_FUNCTION = YES;
				GCC_WARN_UNUSED_VARIABLE = YES;
				IPHONEOS_DEPLOYMENT_TARGET = 8.0;
				MTL_ENABLE_DEBUG_INFO = NO;
				SDKROOT = iphoneos;
				SWIFT_VERSION = 4.0;
				TARGETED_DEVICE_FAMILY = "1,2";
				VALIDATE_PRODUCT = YES;
				VERSIONING_SYSTEM = "apple-generic";
				VERSION_INFO_PREFIX = "";
			};
			name = Release;
		};
		52D6D9911BEFF229002C0205 /* Debug */ = {
			isa = XCBuildConfiguration;
			buildSettings = {
				APPLICATION_EXTENSION_API_ONLY = YES;
				CLANG_ENABLE_MODULES = YES;
				"CODE_SIGN_IDENTITY[sdk=iphoneos*]" = "";
				DEFINES_MODULE = YES;
				DYLIB_COMPATIBILITY_VERSION = 1;
				DYLIB_CURRENT_VERSION = 1;
				DYLIB_INSTALL_NAME_BASE = "@rpath";
				INFOPLIST_FILE = Configs/TableViewControllerBuilder.plist;
				INSTALL_PATH = "$(LOCAL_LIBRARY_DIR)/Frameworks";
				IPHONEOS_DEPLOYMENT_TARGET = 8.0;
				LD_RUNPATH_SEARCH_PATHS = "$(inherited) @executable_path/Frameworks @loader_path/Frameworks";
				ONLY_ACTIVE_ARCH = NO;
				PRODUCT_BUNDLE_IDENTIFIER = "com.dolfn.TableViewControllerBuilder-iOS";
				PRODUCT_NAME = TableViewControllerBuilder;
				SKIP_INSTALL = YES;
				SWIFT_OPTIMIZATION_LEVEL = "-Onone";
				SWIFT_VERSION = 4.0;
			};
			name = Debug;
		};
		52D6D9921BEFF229002C0205 /* Release */ = {
			isa = XCBuildConfiguration;
			buildSettings = {
				APPLICATION_EXTENSION_API_ONLY = YES;
				CLANG_ENABLE_MODULES = YES;
				"CODE_SIGN_IDENTITY[sdk=iphoneos*]" = "";
				DEFINES_MODULE = YES;
				DYLIB_COMPATIBILITY_VERSION = 1;
				DYLIB_CURRENT_VERSION = 1;
				DYLIB_INSTALL_NAME_BASE = "@rpath";
				INFOPLIST_FILE = Configs/TableViewControllerBuilder.plist;
				INSTALL_PATH = "$(LOCAL_LIBRARY_DIR)/Frameworks";
				IPHONEOS_DEPLOYMENT_TARGET = 8.0;
				LD_RUNPATH_SEARCH_PATHS = "$(inherited) @executable_path/Frameworks @loader_path/Frameworks";
				PRODUCT_BUNDLE_IDENTIFIER = "com.dolfn.TableViewControllerBuilder-iOS";
				PRODUCT_NAME = TableViewControllerBuilder;
				SKIP_INSTALL = YES;
				SWIFT_OPTIMIZATION_LEVEL = "-Owholemodule";
				SWIFT_VERSION = 4.0;
			};
			name = Release;
		};
		52D6D9941BEFF229002C0205 /* Debug */ = {
			isa = XCBuildConfiguration;
			buildSettings = {
				CLANG_ENABLE_MODULES = YES;
				INFOPLIST_FILE = Configs/TableViewControllerBuilderTests.plist;
				LD_RUNPATH_SEARCH_PATHS = "$(inherited) @executable_path/Frameworks @loader_path/Frameworks";
				PRODUCT_BUNDLE_IDENTIFIER = "com.TableViewControllerBuilder.TableViewControllerBuilder-iOS-Tests";
				PRODUCT_NAME = "$(TARGET_NAME)";
				SWIFT_OPTIMIZATION_LEVEL = "-Onone";
				SWIFT_VERSION = 4.0;
			};
			name = Debug;
		};
		52D6D9951BEFF229002C0205 /* Release */ = {
			isa = XCBuildConfiguration;
			buildSettings = {
				CLANG_ENABLE_MODULES = YES;
				INFOPLIST_FILE = Configs/TableViewControllerBuilderTests.plist;
				LD_RUNPATH_SEARCH_PATHS = "$(inherited) @executable_path/Frameworks @loader_path/Frameworks";
				PRODUCT_BUNDLE_IDENTIFIER = "com.TableViewControllerBuilder.TableViewControllerBuilder-iOS-Tests";
				PRODUCT_NAME = "$(TARGET_NAME)";
				SWIFT_OPTIMIZATION_LEVEL = "-Owholemodule";
				SWIFT_VERSION = 4.0;
			};
			name = Release;
		};
/* End XCBuildConfiguration section */

/* Begin XCConfigurationList section */
		52D6D9761BEFF229002C0205 /* Build configuration list for PBXProject "TableViewControllerBuilder" */ = {
			isa = XCConfigurationList;
			buildConfigurations = (
				52D6D98E1BEFF229002C0205 /* Debug */,
				52D6D98F1BEFF229002C0205 /* Release */,
			);
			defaultConfigurationIsVisible = 0;
			defaultConfigurationName = Release;
		};
		52D6D9901BEFF229002C0205 /* Build configuration list for PBXNativeTarget "TableViewControllerBuilder-iOS" */ = {
			isa = XCConfigurationList;
			buildConfigurations = (
				52D6D9911BEFF229002C0205 /* Debug */,
				52D6D9921BEFF229002C0205 /* Release */,
			);
			defaultConfigurationIsVisible = 0;
			defaultConfigurationName = Release;
		};
		52D6D9931BEFF229002C0205 /* Build configuration list for PBXNativeTarget "TableViewControllerBuilder-iOS Tests" */ = {
			isa = XCConfigurationList;
			buildConfigurations = (
				52D6D9941BEFF229002C0205 /* Debug */,
				52D6D9951BEFF229002C0205 /* Release */,
			);
			defaultConfigurationIsVisible = 0;
			defaultConfigurationName = Release;
		};
/* End XCConfigurationList section */
	};
	rootObject = 52D6D9731BEFF229002C0205 /* Project object */;
}
